
Microsoft Visual Studio Solution File, Format Version 12.00
# Visual Studio Version 16
VisualStudioVersion = 16.0.31410.357
MinimumVisualStudioVersion = 10.0.40219.1
Project("{9A19103F-16F7-4668-BE54-9A1E7A4F7556}") = "com.course.blog.entities", "com.course.blog.entities\com.course.blog.entities.csproj", "{1E05B1F2-6988-4534-AFAE-34C2421612F2}"
EndProject
Project("{9A19103F-16F7-4668-BE54-9A1E7A4F7556}") = "com.course.blog.adminui", "com.course.blog.adminui\com.course.blog.adminui.csproj", "{8A225A2E-883D-4E85-8A74-79FDC5C28DB0}"
EndProject
Project("{FAE04EC0-301F-11D3-BF4B-00C04F79EFBC}") = "com.course.blog.webui", "com.course.blog.webui\com.course.blog.webui.csproj", "{66234D2C-F940-407E-A005-B22A8576FA2D}"
EndProject
Global
	GlobalSection(SolutionConfigurationPlatforms) = preSolution
		Debug|Any CPU = Debug|Any CPU
		Release|Any CPU = Release|Any CPU
	EndGlobalSection
	GlobalSection(ProjectConfigurationPlatforms) = postSolution
		{1E05B1F2-6988-4534-AFAE-34C2421612F2}.Debug|Any CPU.ActiveCfg = Debug|Any CPU
		{1E05B1F2-6988-4534-AFAE-34C2421612F2}.Debug|Any CPU.Build.0 = Debug|Any CPU
		{1E05B1F2-6988-4534-AFAE-34C2421612F2}.Release|Any CPU.ActiveCfg = Release|Any CPU
		{1E05B1F2-6988-4534-AFAE-34C2421612F2}.Release|Any CPU.Build.0 = Release|Any CPU
		{8A225A2E-883D-4E85-8A74-79FDC5C28DB0}.Debug|Any CPU.ActiveCfg = Debug|Any CPU
		{8A225A2E-883D-4E85-8A74-79FDC5C28DB0}.Debug|Any CPU.Build.0 = Debug|Any CPU
		{8A225A2E-883D-4E85-8A74-79FDC5C28DB0}.Release|Any CPU.ActiveCfg = Release|Any CPU
		{8A225A2E-883D-4E85-8A74-79FDC5C28DB0}.Release|Any CPU.Build.0 = Release|Any CPU
		{66234D2C-F940-407E-A005-B22A8576FA2D}.Debug|Any CPU.ActiveCfg = Debug|Any CPU
		{66234D2C-F940-407E-A005-B22A8576FA2D}.Debug|Any CPU.Build.0 = Debug|Any CPU
		{66234D2C-F940-407E-A005-B22A8576FA2D}.Release|Any CPU.ActiveCfg = Release|Any CPU
		{66234D2C-F940-407E-A005-B22A8576FA2D}.Release|Any CPU.Build.0 = Release|Any CPU
	EndGlobalSection
	GlobalSection(SolutionProperties) = preSolution
		HideSolutionNode = FALSE
	EndGlobalSection
	GlobalSection(ExtensibilityGlobals) = postSolution
		SolutionGuid = {97B4C922-F129-435C-88F2-55EC1304A84B}
	EndGlobalSection
EndGlobal
